
Microsoft Visual Studio Solution File, Format Version 12.00
# Visual Studio 15
VisualStudioVersion = 15.0.27703.2047
MinimumVisualStudioVersion = 10.0.40219.1
Project("{FAE04EC0-301F-11D3-BF4B-00C04F79EFBC}") = "ScriptHub.Core", "ScriptHub.Core\ScriptHub.Core.csproj", "{BCE2B624-7D62-42AD-B560-C816DA3523FD}"
EndProject
Project("{FAE04EC0-301F-11D3-BF4B-00C04F79EFBC}") = "ScriptHub.Api", "ScriptHub.Api\ScriptHub.Api.csproj", "{482EF001-5354-4996-882F-C5E1D5E00BDF}"
EndProject
Project("{FAE04EC0-301F-11D3-BF4B-00C04F79EFBC}") = "ScriptHub.UI", "ScriptHub.UI\ScriptHub.UI.csproj", "{8B298CFF-2C1F-4707-9C79-9E7F1AB3E890}"
EndProject
Global
	GlobalSection(SolutionConfigurationPlatforms) = preSolution
		Debug|Any CPU = Debug|Any CPU
		Release|Any CPU = Release|Any CPU
	EndGlobalSection
	GlobalSection(ProjectConfigurationPlatforms) = postSolution
		{BCE2B624-7D62-42AD-B560-C816DA3523FD}.Debug|Any CPU.ActiveCfg = Debug|Any CPU
		{BCE2B624-7D62-42AD-B560-C816DA3523FD}.Debug|Any CPU.Build.0 = Debug|Any CPU
		{BCE2B624-7D62-42AD-B560-C816DA3523FD}.Release|Any CPU.ActiveCfg = Release|Any CPU
		{BCE2B624-7D62-42AD-B560-C816DA3523FD}.Release|Any CPU.Build.0 = Release|Any CPU
		{482EF001-5354-4996-882F-C5E1D5E00BDF}.Debug|Any CPU.ActiveCfg = Debug|Any CPU
		{482EF001-5354-4996-882F-C5E1D5E00BDF}.Debug|Any CPU.Build.0 = Debug|Any CPU
		{482EF001-5354-4996-882F-C5E1D5E00BDF}.Release|Any CPU.ActiveCfg = Release|Any CPU
		{482EF001-5354-4996-882F-C5E1D5E00BDF}.Release|Any CPU.Build.0 = Release|Any CPU
		{8B298CFF-2C1F-4707-9C79-9E7F1AB3E890}.Debug|Any CPU.ActiveCfg = Debug|Any CPU
		{8B298CFF-2C1F-4707-9C79-9E7F1AB3E890}.Debug|Any CPU.Build.0 = Debug|Any CPU
		{8B298CFF-2C1F-4707-9C79-9E7F1AB3E890}.Release|Any CPU.ActiveCfg = Release|Any CPU
		{8B298CFF-2C1F-4707-9C79-9E7F1AB3E890}.Release|Any CPU.Build.0 = Release|Any CPU
	EndGlobalSection
	GlobalSection(SolutionProperties) = preSolution
		HideSolutionNode = FALSE
	EndGlobalSection
	GlobalSection(ExtensibilityGlobals) = postSolution
		SolutionGuid = {5535F832-9D20-4699-A8FA-2B2959C720A2}
	EndGlobalSection
EndGlobal
