
Microsoft Visual Studio Solution File, Format Version 12.00
# Visual Studio 15
VisualStudioVersion = 15.0.27703.2047
MinimumVisualStudioVersion = 10.0.40219.1
Project("{9A19103F-16F7-4668-BE54-9A1E7A4F7556}") = "ScriptHub.Core", "ScriptHub.Core\ScriptHub.Core.csproj", "{BCE2B624-7D62-42AD-B560-C816DA3523FD}"
EndProject
Project("{9A19103F-16F7-4668-BE54-9A1E7A4F7556}") = "ScriptHub.UI", "ScriptHub.UI\ScriptHub.UI.csproj", "{8B298CFF-2C1F-4707-9C79-9E7F1AB3E890}"
EndProject
Global
	GlobalSection(SolutionConfigurationPlatforms) = preSolution
		Debug|Any CPU = Debug|Any CPU
		Release|Any CPU = Release|Any CPU
	EndGlobalSection
	GlobalSection(ProjectConfigurationPlatforms) = postSolution
		{BCE2B624-7D62-42AD-B560-C816DA3523FD}.Debug|Any CPU.ActiveCfg = Debug|Any CPU
		{BCE2B624-7D62-42AD-B560-C816DA3523FD}.Debug|Any CPU.Build.0 = Debug|Any CPU
		{BCE2B624-7D62-42AD-B560-C816DA3523FD}.Release|Any CPU.ActiveCfg = Release|Any CPU
		{BCE2B624-7D62-42AD-B560-C816DA3523FD}.Release|Any CPU.Build.0 = Release|Any CPU
		{8B298CFF-2C1F-4707-9C79-9E7F1AB3E890}.Debug|Any CPU.ActiveCfg = Debug|Any CPU
		{8B298CFF-2C1F-4707-9C79-9E7F1AB3E890}.Debug|Any CPU.Build.0 = Debug|Any CPU
		{8B298CFF-2C1F-4707-9C79-9E7F1AB3E890}.Release|Any CPU.ActiveCfg = Release|Any CPU
		{8B298CFF-2C1F-4707-9C79-9E7F1AB3E890}.Release|Any CPU.Build.0 = Release|Any CPU
	EndGlobalSection
	GlobalSection(SolutionProperties) = preSolution
		HideSolutionNode = FALSE
	EndGlobalSection
	GlobalSection(ExtensibilityGlobals) = postSolution
		SolutionGuid = {5535F832-9D20-4699-A8FA-2B2959C720A2}
	EndGlobalSection
EndGlobal
